
Microsoft Visual Studio Solution File, Format Version 12.00
# Visual Studio Version 16
VisualStudioVersion = 16.0.30011.22
MinimumVisualStudioVersion = 10.0.40219.1
Project("{2150E333-8FDC-42A3-9474-1A3956D46DE8}") = "0 - Presentation", "0 - Presentation", "{AAFB9612-06D1-44AC-9254-ACF029190FA0}"
EndProject
Project("{9A19103F-16F7-4668-BE54-9A1E7A4F7556}") = "InsuranceApi.Web", "InsuranceApi.Web\InsuranceApi.Web.csproj", "{2C1A27E1-470A-45E6-AAA6-425F00819F56}"
EndProject
Project("{2150E333-8FDC-42A3-9474-1A3956D46DE8}") = "1 - Application", "1 - Application", "{737AC945-270E-4E28-BB2D-CFCA45BB70CA}"
EndProject
Project("{2150E333-8FDC-42A3-9474-1A3956D46DE8}") = "2 - Domain", "2 - Domain", "{FAEA8FC0-1A6F-446C-8113-DFD9B61FF5AD}"
EndProject
Project("{2150E333-8FDC-42A3-9474-1A3956D46DE8}") = "3 - Services", "3 - Services", "{6E4552EC-FF75-4C5E-A971-BC90AE1F700B}"
EndProject
Project("{2150E333-8FDC-42A3-9474-1A3956D46DE8}") = "4 - Dao", "4 - Dao", "{D33F343A-086E-4050-BAFB-CFBBE7DF90EB}"
EndProject
Project("{2150E333-8FDC-42A3-9474-1A3956D46DE8}") = "5 - Infra", "5 - Infra", "{2FFEB50C-86FA-4467-8C8C-9BF4A976CCB2}"
EndProject
Project("{2150E333-8FDC-42A3-9474-1A3956D46DE8}") = "5.1 - Data", "5.1 - Data", "{BAA97640-E595-4482-82A8-C6FFD85D9906}"
EndProject
Project("{2150E333-8FDC-42A3-9474-1A3956D46DE8}") = "5.2 - CrossCutting", "5.2 - CrossCutting", "{807E8836-D29A-49E9-9674-85BAA3F2FC47}"
EndProject
Project("{2150E333-8FDC-42A3-9474-1A3956D46DE8}") = "3.1 - Rest", "3.1 - Rest", "{22628C2C-4A95-4BA2-B9C6-10EBCEB0DF64}"
EndProject
Project("{9A19103F-16F7-4668-BE54-9A1E7A4F7556}") = "InsuranceApi.Infra.Data", "InsuranceApi.Infra.Data\InsuranceApi.Infra.Data.csproj", "{3B6D1EA2-1225-41F0-B79A-D49FBA0CAE33}"
EndProject
Project("{9A19103F-16F7-4668-BE54-9A1E7A4F7556}") = "InsuranceApi.Infra.CrossCutting.Identity", "InsuranceApi.Infra.CrossCutting.Identity\InsuranceApi.Infra.CrossCutting.Identity.csproj", "{91875B57-14BE-40A0-91E1-5F212403B4AE}"
EndProject
Project("{9A19103F-16F7-4668-BE54-9A1E7A4F7556}") = "InsuranceApi.Infra.CrossCutting.IoC", "InsuranceApi.Infra.CrossCutting.IoC\InsuranceApi.Infra.CrossCutting.IoC.csproj", "{A80A1D69-20DE-47C4-B448-AF83A79FEFDB}"
EndProject
Project("{9A19103F-16F7-4668-BE54-9A1E7A4F7556}") = "InsuranceApi.Domain", "InsuranceApi.Domain\InsuranceApi.Domain.csproj", "{F3F2ECA9-694C-42BD-9EE6-5CE4AA5CC8EF}"
EndProject
Project("{9A19103F-16F7-4668-BE54-9A1E7A4F7556}") = "InsuranceApi.Application", "InsuranceApi.Application\InsuranceApi.Application.csproj", "{41BA0C1B-D41D-47A1-8923-77BE689BFF25}"
EndProject
Project("{9A19103F-16F7-4668-BE54-9A1E7A4F7556}") = "InsuranceApi.Database.Dapper.Ebix", "InsuranceApi.Database.Dapper.Ebix\InsuranceApi.Database.Dapper.Ebix.csproj", "{DC31817D-D9EA-42CF-B239-14CEEB966137}"
EndProject
Project("{9A19103F-16F7-4668-BE54-9A1E7A4F7556}") = "InsuranceApi.Services.Rest", "InsuranceApi.Services.Rest\InsuranceApi.Services.Rest.csproj", "{0FFF76BA-D0E9-4D7F-9F11-573CD9AEC3F4}"
EndProject
Project("{E53339B2-1760-4266-BCC7-CA923CBCF16C}") = "docker-compose", "docker-compose.dcproj", "{ED127C66-0275-4A2B-8369-560C04940D82}"
EndProject
Project("{9A19103F-16F7-4668-BE54-9A1E7A4F7556}") = "InsuranceApi.Database.Dapper.Marketplace", "InsuranceApi.Database.Dapper.Marketplace\InsuranceApi.Database.Dapper.Marketplace.csproj", "{9D347F7B-CA36-4038-8432-FE908677FE2E}"
EndProject
Project("{2150E333-8FDC-42A3-9474-1A3956D46DE8}") = "3.2 - Soap", "3.2 - Soap", "{C88B4FFB-6453-427C-99DE-CAEC36DFE0FA}"
EndProject
Project("{9A19103F-16F7-4668-BE54-9A1E7A4F7556}") = "InsuranceApi.Services.Soap", "InsuranceApi.Services.Soap\InsuranceApi.Services.Soap.csproj", "{F776E121-A173-48A7-AB1C-34CB9B3CB188}"
EndProject
Project("{9A19103F-16F7-4668-BE54-9A1E7A4F7556}") = "EbixUsers.Web", "EbixUsers.Web\EbixUsers.Web.csproj", "{E02672BE-CBCA-4604-B222-CA20372EC7CF}"
EndProject
Project("{FAE04EC0-301F-11D3-BF4B-00C04F79EFBC}") = "RenewalApi.Web", "..\RenovationApi.Web\RenewalApi.Web.csproj", "{D7A91BA2-AEBF-4AFF-B445-A2FB70889BA1}"
EndProject
Global
	GlobalSection(SolutionConfigurationPlatforms) = preSolution
		Debug|Any CPU = Debug|Any CPU
		Release|Any CPU = Release|Any CPU
	EndGlobalSection
	GlobalSection(ProjectConfigurationPlatforms) = postSolution
		{2C1A27E1-470A-45E6-AAA6-425F00819F56}.Debug|Any CPU.ActiveCfg = Debug|Any CPU
		{2C1A27E1-470A-45E6-AAA6-425F00819F56}.Debug|Any CPU.Build.0 = Debug|Any CPU
		{2C1A27E1-470A-45E6-AAA6-425F00819F56}.Release|Any CPU.ActiveCfg = Release|Any CPU
		{2C1A27E1-470A-45E6-AAA6-425F00819F56}.Release|Any CPU.Build.0 = Release|Any CPU
		{3B6D1EA2-1225-41F0-B79A-D49FBA0CAE33}.Debug|Any CPU.ActiveCfg = Debug|Any CPU
		{3B6D1EA2-1225-41F0-B79A-D49FBA0CAE33}.Debug|Any CPU.Build.0 = Debug|Any CPU
		{3B6D1EA2-1225-41F0-B79A-D49FBA0CAE33}.Release|Any CPU.ActiveCfg = Release|Any CPU
		{3B6D1EA2-1225-41F0-B79A-D49FBA0CAE33}.Release|Any CPU.Build.0 = Release|Any CPU
		{91875B57-14BE-40A0-91E1-5F212403B4AE}.Debug|Any CPU.ActiveCfg = Debug|Any CPU
		{91875B57-14BE-40A0-91E1-5F212403B4AE}.Debug|Any CPU.Build.0 = Debug|Any CPU
		{91875B57-14BE-40A0-91E1-5F212403B4AE}.Release|Any CPU.ActiveCfg = Release|Any CPU
		{91875B57-14BE-40A0-91E1-5F212403B4AE}.Release|Any CPU.Build.0 = Release|Any CPU
		{A80A1D69-20DE-47C4-B448-AF83A79FEFDB}.Debug|Any CPU.ActiveCfg = Debug|Any CPU
		{A80A1D69-20DE-47C4-B448-AF83A79FEFDB}.Debug|Any CPU.Build.0 = Debug|Any CPU
		{A80A1D69-20DE-47C4-B448-AF83A79FEFDB}.Release|Any CPU.ActiveCfg = Release|Any CPU
		{A80A1D69-20DE-47C4-B448-AF83A79FEFDB}.Release|Any CPU.Build.0 = Release|Any CPU
		{F3F2ECA9-694C-42BD-9EE6-5CE4AA5CC8EF}.Debug|Any CPU.ActiveCfg = Debug|Any CPU
		{F3F2ECA9-694C-42BD-9EE6-5CE4AA5CC8EF}.Debug|Any CPU.Build.0 = Debug|Any CPU
		{F3F2ECA9-694C-42BD-9EE6-5CE4AA5CC8EF}.Release|Any CPU.ActiveCfg = Release|Any CPU
		{F3F2ECA9-694C-42BD-9EE6-5CE4AA5CC8EF}.Release|Any CPU.Build.0 = Release|Any CPU
		{41BA0C1B-D41D-47A1-8923-77BE689BFF25}.Debug|Any CPU.ActiveCfg = Debug|Any CPU
		{41BA0C1B-D41D-47A1-8923-77BE689BFF25}.Debug|Any CPU.Build.0 = Debug|Any CPU
		{41BA0C1B-D41D-47A1-8923-77BE689BFF25}.Release|Any CPU.ActiveCfg = Release|Any CPU
		{41BA0C1B-D41D-47A1-8923-77BE689BFF25}.Release|Any CPU.Build.0 = Release|Any CPU
		{DC31817D-D9EA-42CF-B239-14CEEB966137}.Debug|Any CPU.ActiveCfg = Debug|Any CPU
		{DC31817D-D9EA-42CF-B239-14CEEB966137}.Debug|Any CPU.Build.0 = Debug|Any CPU
		{DC31817D-D9EA-42CF-B239-14CEEB966137}.Release|Any CPU.ActiveCfg = Release|Any CPU
		{DC31817D-D9EA-42CF-B239-14CEEB966137}.Release|Any CPU.Build.0 = Release|Any CPU
		{0FFF76BA-D0E9-4D7F-9F11-573CD9AEC3F4}.Debug|Any CPU.ActiveCfg = Debug|Any CPU
		{0FFF76BA-D0E9-4D7F-9F11-573CD9AEC3F4}.Debug|Any CPU.Build.0 = Debug|Any CPU
		{0FFF76BA-D0E9-4D7F-9F11-573CD9AEC3F4}.Release|Any CPU.ActiveCfg = Release|Any CPU
		{0FFF76BA-D0E9-4D7F-9F11-573CD9AEC3F4}.Release|Any CPU.Build.0 = Release|Any CPU
		{ED127C66-0275-4A2B-8369-560C04940D82}.Debug|Any CPU.ActiveCfg = Debug|Any CPU
		{ED127C66-0275-4A2B-8369-560C04940D82}.Debug|Any CPU.Build.0 = Debug|Any CPU
		{ED127C66-0275-4A2B-8369-560C04940D82}.Release|Any CPU.ActiveCfg = Release|Any CPU
		{ED127C66-0275-4A2B-8369-560C04940D82}.Release|Any CPU.Build.0 = Release|Any CPU
		{9D347F7B-CA36-4038-8432-FE908677FE2E}.Debug|Any CPU.ActiveCfg = Debug|Any CPU
		{9D347F7B-CA36-4038-8432-FE908677FE2E}.Debug|Any CPU.Build.0 = Debug|Any CPU
		{9D347F7B-CA36-4038-8432-FE908677FE2E}.Release|Any CPU.ActiveCfg = Release|Any CPU
		{9D347F7B-CA36-4038-8432-FE908677FE2E}.Release|Any CPU.Build.0 = Release|Any CPU
		{F776E121-A173-48A7-AB1C-34CB9B3CB188}.Debug|Any CPU.ActiveCfg = Debug|Any CPU
		{F776E121-A173-48A7-AB1C-34CB9B3CB188}.Debug|Any CPU.Build.0 = Debug|Any CPU
		{F776E121-A173-48A7-AB1C-34CB9B3CB188}.Release|Any CPU.ActiveCfg = Release|Any CPU
		{F776E121-A173-48A7-AB1C-34CB9B3CB188}.Release|Any CPU.Build.0 = Release|Any CPU
		{E02672BE-CBCA-4604-B222-CA20372EC7CF}.Debug|Any CPU.ActiveCfg = Debug|Any CPU
		{E02672BE-CBCA-4604-B222-CA20372EC7CF}.Debug|Any CPU.Build.0 = Debug|Any CPU
		{E02672BE-CBCA-4604-B222-CA20372EC7CF}.Release|Any CPU.ActiveCfg = Release|Any CPU
		{E02672BE-CBCA-4604-B222-CA20372EC7CF}.Release|Any CPU.Build.0 = Release|Any CPU
		{D7A91BA2-AEBF-4AFF-B445-A2FB70889BA1}.Debug|Any CPU.ActiveCfg = Debug|Any CPU
		{D7A91BA2-AEBF-4AFF-B445-A2FB70889BA1}.Debug|Any CPU.Build.0 = Debug|Any CPU
		{D7A91BA2-AEBF-4AFF-B445-A2FB70889BA1}.Release|Any CPU.ActiveCfg = Release|Any CPU
		{D7A91BA2-AEBF-4AFF-B445-A2FB70889BA1}.Release|Any CPU.Build.0 = Release|Any CPU
	EndGlobalSection
	GlobalSection(SolutionProperties) = preSolution
		HideSolutionNode = FALSE
	EndGlobalSection
	GlobalSection(NestedProjects) = preSolution
		{2C1A27E1-470A-45E6-AAA6-425F00819F56} = {AAFB9612-06D1-44AC-9254-ACF029190FA0}
		{BAA97640-E595-4482-82A8-C6FFD85D9906} = {2FFEB50C-86FA-4467-8C8C-9BF4A976CCB2}
		{807E8836-D29A-49E9-9674-85BAA3F2FC47} = {2FFEB50C-86FA-4467-8C8C-9BF4A976CCB2}
		{22628C2C-4A95-4BA2-B9C6-10EBCEB0DF64} = {6E4552EC-FF75-4C5E-A971-BC90AE1F700B}
		{3B6D1EA2-1225-41F0-B79A-D49FBA0CAE33} = {BAA97640-E595-4482-82A8-C6FFD85D9906}
		{91875B57-14BE-40A0-91E1-5F212403B4AE} = {807E8836-D29A-49E9-9674-85BAA3F2FC47}
		{A80A1D69-20DE-47C4-B448-AF83A79FEFDB} = {807E8836-D29A-49E9-9674-85BAA3F2FC47}
		{F3F2ECA9-694C-42BD-9EE6-5CE4AA5CC8EF} = {FAEA8FC0-1A6F-446C-8113-DFD9B61FF5AD}
		{41BA0C1B-D41D-47A1-8923-77BE689BFF25} = {737AC945-270E-4E28-BB2D-CFCA45BB70CA}
		{DC31817D-D9EA-42CF-B239-14CEEB966137} = {D33F343A-086E-4050-BAFB-CFBBE7DF90EB}
		{0FFF76BA-D0E9-4D7F-9F11-573CD9AEC3F4} = {22628C2C-4A95-4BA2-B9C6-10EBCEB0DF64}
		{9D347F7B-CA36-4038-8432-FE908677FE2E} = {D33F343A-086E-4050-BAFB-CFBBE7DF90EB}
		{C88B4FFB-6453-427C-99DE-CAEC36DFE0FA} = {6E4552EC-FF75-4C5E-A971-BC90AE1F700B}
		{F776E121-A173-48A7-AB1C-34CB9B3CB188} = {C88B4FFB-6453-427C-99DE-CAEC36DFE0FA}
		{E02672BE-CBCA-4604-B222-CA20372EC7CF} = {AAFB9612-06D1-44AC-9254-ACF029190FA0}
		{D7A91BA2-AEBF-4AFF-B445-A2FB70889BA1} = {AAFB9612-06D1-44AC-9254-ACF029190FA0}
	EndGlobalSection
	GlobalSection(ExtensibilityGlobals) = postSolution
		SolutionGuid = {DCB309C9-4EC0-40D8-A8FF-795E5A204DFB}
	EndGlobalSection
EndGlobal
